<?xml version="1.0" encoding="utf-8"?>
<Project ToolsVersion="4.0" xmlns="http://schemas.microsoft.com/developer/msbuild/2003">
  <ItemGroup>
    <ClCompile Include="j1Window.cpp">
      <Filter>Modules</Filter>
    </ClCompile>
    <ClCompile Include="j1Audio.cpp">
      <Filter>Modules</Filter>
    </ClCompile>
    <ClCompile Include="j1Input.cpp">
      <Filter>Modules</Filter>
    </ClCompile>
    <ClCompile Include="j1Render.cpp">
      <Filter>Modules</Filter>
    </ClCompile>
    <ClCompile Include="j1Textures.cpp">
      <Filter>Modules</Filter>
    </ClCompile>
    <ClCompile Include="j1Scene.cpp">
      <Filter>Scenes</Filter>
    </ClCompile>
    <ClCompile Include="j1FileSystem.cpp">
      <Filter>Modules</Filter>
    </ClCompile>
    <ClCompile Include="PugiXml\src\pugixml.cpp">
      <Filter>Tools\PuguiXML</Filter>
    </ClCompile>
    <ClCompile Include="j1Map.cpp">
      <Filter>Modules</Filter>
    </ClCompile>
    <ClCompile Include="j1Timer.cpp">
      <Filter>Tools</Filter>
    </ClCompile>
    <ClCompile Include="j1PerfTimer.cpp">
      <Filter>Tools</Filter>
    </ClCompile>
    <ClCompile Include="j1Fonts.cpp">
      <Filter>Modules</Filter>
    </ClCompile>
    <ClCompile Include="j1Gui.cpp">
      <Filter>UserInteraface</Filter>
    </ClCompile>
    <ClCompile Include="UI_Button.cpp">
      <Filter>UserInteraface\UI_Elements</Filter>
    </ClCompile>
    <ClCompile Include="UI_Element.cpp">
      <Filter>UserInteraface\UI_Elements</Filter>
    </ClCompile>
    <ClCompile Include="UI_Scroll.cpp">
      <Filter>UserInteraface\UI_Elements</Filter>
    </ClCompile>
    <ClCompile Include="UI_String.cpp">
      <Filter>UserInteraface\UI_Elements</Filter>
    </ClCompile>
    <ClCompile Include="UI_Text_Box.cpp">
      <Filter>UserInteraface\UI_Elements</Filter>
    </ClCompile>
    <ClCompile Include="UI_Image.cpp">
      <Filter>UserInteraface\UI_Elements</Filter>
    </ClCompile>
    <ClCompile Include="p2Log.cpp">
      <Filter>Tools</Filter>
    </ClCompile>
    <ClCompile Include="j1App.cpp" />
    <ClCompile Include="j1Main.cpp" />
    <ClCompile Include="j1Animator.cpp">
      <Filter>Modules</Filter>
    </ClCompile>
    <ClCompile Include="UI_Popup_Menu.cpp">
      <Filter>UserInteraface\UI_Elements</Filter>
    </ClCompile>
    <ClCompile Include="BaseEntities.cpp">
      <Filter>Modules\EnititiesManager\Entities</Filter>
    </ClCompile>
    <ClCompile Include="j1EntitiesManager.cpp">
      <Filter>Modules\EnititiesManager</Filter>
    </ClCompile>
    <ClCompile Include="Iso_Primitives.cpp">
      <Filter>Tools</Filter>
    </ClCompile>
    <ClCompile Include="j1Player.cpp">
      <Filter>Modules</Filter>
    </ClCompile>
    <ClCompile Include="j1Menu.cpp">
      <Filter>Scenes</Filter>
    </ClCompile>
    <ClCompile Include="UI_Fixed_Button.cpp">
      <Filter>UserInteraface\UI_Elements</Filter>
    </ClCompile>
    <ClCompile Include="j1Pathfinding.cpp">
      <Filter>Pathfinding</Filter>
    </ClCompile>
    <ClCompile Include="Hud_ActionPanel.cpp">
      <Filter>UserInteraface\Hud</Filter>
    </ClCompile>
    <ClCompile Include="Hud_GamePanel.cpp">
      <Filter>UserInteraface\Hud</Filter>
    </ClCompile>
    <ClCompile Include="Hud_SelectionPanel.cpp">
      <Filter>UserInteraface\Hud</Filter>
    </ClCompile>
    <ClCompile Include="Resources.cpp">
      <Filter>Modules\EnititiesManager\Entities</Filter>
    </ClCompile>
    <ClCompile Include="Units.cpp">
      <Filter>Modules\EnititiesManager\Entities</Filter>
    </ClCompile>
    <ClCompile Include="Champions.cpp">
      <Filter>Modules\EnititiesManager\Entities</Filter>
    </ClCompile>
    <ClCompile Include="j1SoundManager.cpp">
      <Filter>Modules</Filter>
    </ClCompile>
    <ClCompile Include="j1ActionManager.cpp">
      <Filter>Modules\TasksMagament</Filter>
    </ClCompile>
    <ClCompile Include="j1GroupMovement.cpp">
      <Filter>Pathfinding</Filter>
    </ClCompile>
    <ClCompile Include="Buildings.cpp">
      <Filter>Modules\EnititiesManager\Entities</Filter>
    </ClCompile>
    <ClCompile Include="j1BuffManager.cpp">
      <Filter>Modules</Filter>
    </ClCompile>
    <ClCompile Include="j1AI.cpp">
      <Filter>Modules\AI</Filter>
    </ClCompile>
    <ClCompile Include="j1FogOfWar.cpp">
      <Filter>Modules</Filter>
    </ClCompile>
    <ClCompile Include="Hud_MinimapPanel.cpp">
      <Filter>UserInteraface\Hud</Filter>
    </ClCompile>
    <ClCompile Include="j1InputManager.cpp">
      <Filter>Modules</Filter>
    </ClCompile>
    <ClCompile Include="theoraplay.c">
      <Filter>Tools\Theora%28Video CODEC lib%29</Filter>
    </ClCompile>
    <ClCompile Include="j1Video.cpp">
      <Filter>Modules</Filter>
    </ClCompile>
  </ItemGroup>
  <ItemGroup>
    <ClInclude Include="j1Window.h">
      <Filter>Modules</Filter>
    </ClInclude>
    <ClInclude Include="j1Audio.h">
      <Filter>Modules</Filter>
    </ClInclude>
    <ClInclude Include="j1Input.h">
      <Filter>Modules</Filter>
    </ClInclude>
    <ClInclude Include="j1Render.h">
      <Filter>Modules</Filter>
    </ClInclude>
    <ClInclude Include="j1Textures.h">
      <Filter>Modules</Filter>
    </ClInclude>
    <ClInclude Include="j1Scene.h">
      <Filter>Scenes</Filter>
    </ClInclude>
    <ClInclude Include="j1FileSystem.h">
      <Filter>Modules</Filter>
    </ClInclude>
    <ClInclude Include="PugiXml\src\pugiconfig.hpp">
      <Filter>Tools\PuguiXML</Filter>
    </ClInclude>
    <ClInclude Include="PugiXml\src\pugixml.hpp">
      <Filter>Tools\PuguiXML</Filter>
    </ClInclude>
    <ClInclude Include="j1Map.h">
      <Filter>Modules</Filter>
    </ClInclude>
    <ClInclude Include="j1Timer.h">
      <Filter>Tools</Filter>
    </ClInclude>
    <ClInclude Include="j1PerfTimer.h">
      <Filter>Tools</Filter>
    </ClInclude>
    <ClInclude Include="j1Fonts.h">
      <Filter>Modules</Filter>
    </ClInclude>
    <ClInclude Include="j1Gui.h">
      <Filter>UserInteraface</Filter>
    </ClInclude>
    <ClInclude Include="UI_Button.h">
      <Filter>UserInteraface\UI_Elements</Filter>
    </ClInclude>
    <ClInclude Include="UI_Element.h">
      <Filter>UserInteraface\UI_Elements</Filter>
    </ClInclude>
    <ClInclude Include="UI_Scroll.h">
      <Filter>UserInteraface\UI_Elements</Filter>
    </ClInclude>
    <ClInclude Include="UI_String.h">
      <Filter>UserInteraface\UI_Elements</Filter>
    </ClInclude>
    <ClInclude Include="UI_Text_Box.h">
      <Filter>UserInteraface\UI_Elements</Filter>
    </ClInclude>
    <ClInclude Include="UI_Image.h">
      <Filter>UserInteraface\UI_Elements</Filter>
    </ClInclude>
    <ClInclude Include="p2Point.h">
      <Filter>Tools</Filter>
    </ClInclude>
    <ClInclude Include="p2Log.h">
      <Filter>Tools</Filter>
    </ClInclude>
    <ClInclude Include="p2Defs.h">
      <Filter>Tools</Filter>
    </ClInclude>
    <ClInclude Include="j1App.h" />
    <ClInclude Include="j1Module.h" />
    <ClInclude Include="j1Animator.h">
      <Filter>Modules</Filter>
    </ClInclude>
    <ClInclude Include="UI_Popup_Menu.h">
      <Filter>UserInteraface\UI_Elements</Filter>
    </ClInclude>
    <ClInclude Include="j1EntitiesManager.h">
      <Filter>Modules\EnititiesManager</Filter>
    </ClInclude>
    <ClInclude Include="BaseEntities.h">
      <Filter>Modules\EnititiesManager\Entities</Filter>
    </ClInclude>
    <ClInclude Include="Iso_Primitives.h">
      <Filter>Tools</Filter>
    </ClInclude>
    <ClInclude Include="j1Player.h">
      <Filter>Modules</Filter>
    </ClInclude>
    <ClInclude Include="j1Menu.h">
      <Filter>Scenes</Filter>
    </ClInclude>
    <ClInclude Include="UI_Fixed_Button.h">
      <Filter>UserInteraface\UI_Elements</Filter>
    </ClInclude>
    <ClInclude Include="j1Pathfinding.h">
      <Filter>Pathfinding</Filter>
    </ClInclude>
    <ClInclude Include="Resources.h">
      <Filter>Modules\EnititiesManager\Entities</Filter>
    </ClInclude>
    <ClInclude Include="Quadtree.h">
      <Filter>Tools</Filter>
    </ClInclude>
    <ClInclude Include="Hud_ActionPanel.h">
      <Filter>UserInteraface\Hud</Filter>
    </ClInclude>
    <ClInclude Include="Hud_GamePanel.h">
      <Filter>UserInteraface\Hud</Filter>
    </ClInclude>
    <ClInclude Include="Hud_SelectionPanel.h">
      <Filter>UserInteraface\Hud</Filter>
    </ClInclude>
    <ClInclude Include="Units.h">
      <Filter>Modules\EnititiesManager\Entities</Filter>
    </ClInclude>
    <ClInclude Include="Champions.h">
      <Filter>Modules\EnititiesManager\Entities</Filter>
    </ClInclude>
    <ClInclude Include="Actions_Unit.h">
      <Filter>Modules\TasksMagament</Filter>
    </ClInclude>
    <ClInclude Include="j1SoundManager.h">
      <Filter>Modules</Filter>
    </ClInclude>
    <ClInclude Include="j1ActionManager.h">
      <Filter>Modules\TasksMagament</Filter>
    </ClInclude>
    <ClInclude Include="Actions_Building.h">
      <Filter>Modules\TasksMagament</Filter>
    </ClInclude>
    <ClInclude Include="j1GroupMovement.h">
      <Filter>Pathfinding</Filter>
    </ClInclude>
    <ClInclude Include="Buildings.h">
      <Filter>Modules\EnititiesManager\Entities</Filter>
    </ClInclude>
    <ClInclude Include="j1BuffManager.h">
      <Filter>Modules</Filter>
    </ClInclude>
    <ClInclude Include="j1AI.h">
      <Filter>Modules\AI</Filter>
    </ClInclude>
    <ClInclude Include="j1FogOfWar.h">
      <Filter>Modules</Filter>
    </ClInclude>
    <ClInclude Include="Hud_MinimapPanel.h">
      <Filter>UserInteraface\Hud</Filter>
    </ClInclude>
    <ClInclude Include="j1InputManager.h">
      <Filter>Modules</Filter>
    </ClInclude>
    <ClInclude Include="theoraplay.h">
      <Filter>Tools\Theora%28Video CODEC lib%29</Filter>
    </ClInclude>
    <ClInclude Include="j1Video.h">
      <Filter>Modules</Filter>
    </ClInclude>
    <ClInclude Include="j1Intro.h">
      <Filter>Scenes</Filter>
    </ClInclude>
  </ItemGroup>
  <ItemGroup>
    <Filter Include="Modules">
      <UniqueIdentifier>{244722d1-90ce-423d-8e7a-556211865a32}</UniqueIdentifier>
    </Filter>
    <Filter Include="Scenes">
      <UniqueIdentifier>{e07660eb-d36f-4cc9-af59-324d31c2f2f6}</UniqueIdentifier>
    </Filter>
    <Filter Include="Tools">
      <UniqueIdentifier>{42c748be-4a37-49de-970f-5be811d06b38}</UniqueIdentifier>
    </Filter>
    <Filter Include="Tools\PuguiXML">
      <UniqueIdentifier>{7cb78d67-17cc-45eb-af97-e2106becce7b}</UniqueIdentifier>
    </Filter>
    <Filter Include="UserInteraface">
      <UniqueIdentifier>{0f4402cd-a1c7-4a46-bc2c-860ce81aea96}</UniqueIdentifier>
    </Filter>
    <Filter Include="UserInteraface\UI_Elements">
      <UniqueIdentifier>{284cbc2b-c97f-4e37-9735-d7d07abfd941}</UniqueIdentifier>
    </Filter>
    <Filter Include="Modules\EnititiesManager">
      <UniqueIdentifier>{bfaf59a6-f2ed-48ce-a361-e3cf11d3c42b}</UniqueIdentifier>
    </Filter>
    <Filter Include="Modules\EnititiesManager\Entities">
      <UniqueIdentifier>{f4dce75b-b01a-4ebe-9f7a-a30e952f130a}</UniqueIdentifier>
    </Filter>
    <Filter Include="Pathfinding">
      <UniqueIdentifier>{ea379160-4af9-4193-a358-27e9a38147db}</UniqueIdentifier>
    </Filter>
    <Filter Include="UserInteraface\Hud">
      <UniqueIdentifier>{02d694a5-7c88-4ea6-9934-f272aad23985}</UniqueIdentifier>
    </Filter>
    <Filter Include="Modules\TasksMagament">
      <UniqueIdentifier>{0b086b82-d4b0-4f1c-871b-f1fa6dc611f9}</UniqueIdentifier>
    </Filter>
    <Filter Include="Modules\AI">
      <UniqueIdentifier>{753ec0cd-567d-42d6-b8fb-12dc59d9dc40}</UniqueIdentifier>
    </Filter>
    <Filter Include="Tools\Theora%28Video CODEC lib%29">
      <UniqueIdentifier>{a0daceba-c1f2-47d8-b759-ff6558a38795}</UniqueIdentifier>
    </Filter>
    <Filter Include="Tools\Snippets">
      <UniqueIdentifier>{6194d0d5-fc00-447f-b9c1-6a6b14afd0c1}</UniqueIdentifier>
    </Filter>
  </ItemGroup>
  <ItemGroup>
    <None Include="Test.snippet">
      <Filter>Tools\Snippets</Filter>
    </None>
  </ItemGroup>
</Project>